
Microsoft Visual Studio Solution File, Format Version 12.00
# Visual Studio 15
VisualStudioVersion = 15.0.28307.421
MinimumVisualStudioVersion = 10.0.40219.1
Project("{8BC9CEB8-8B4A-11D0-8D11-00A0C91BC942}") = "エルミート曲線", "エルミート曲線\エルミート曲線.vcxproj", "{C3983E44-8324-40D8-8AD2-20610FE6D9CA}"
EndProject
Project("{8BC9CEB8-8B4A-11D0-8D11-00A0C91BC942}") = "キーフレーム", "キーフレーム\キーフレーム.vcxproj", "{370535F0-3B76-4A93-8EBE-A929B98C7191}"
EndProject
Project("{8BC9CEB8-8B4A-11D0-8D11-00A0C91BC942}") = "ゴムひも", "ゴムひも\ゴムひも.vcxproj", "{D2DECB07-999D-41FB-81AD-0AD9BEE6551E}"
EndProject
Project("{8BC9CEB8-8B4A-11D0-8D11-00A0C91BC942}") = "ばね", "ばね\ばね.vcxproj", "{FA371DB1-56DD-4558-9B7D-831EDD533E5A}"
EndProject
Project("{8BC9CEB8-8B4A-11D0-8D11-00A0C91BC942}") = "布", "布\布.vcxproj", "{72B5F4FB-3DFC-450C-82DC-877D2055A506}"
EndProject
Project("{8BC9CEB8-8B4A-11D0-8D11-00A0C91BC942}") = "衝突", "衝突\衝突.vcxproj", "{3888B778-DB24-47E3-965F-6F2F712A0C37}"
EndProject
Project("{8BC9CEB8-8B4A-11D0-8D11-00A0C91BC942}") = "アルファブレンド", "アルファブレンド\アルファブレンド.vcxproj", "{1BA5B59D-F6D4-4852-B2FA-294FF6155D70}"
EndProject
Global
	GlobalSection(SolutionConfigurationPlatforms) = preSolution
		Debug|x64 = Debug|x64
		Debug|x86 = Debug|x86
		Release|x64 = Release|x64
		Release|x86 = Release|x86
	EndGlobalSection
	GlobalSection(ProjectConfigurationPlatforms) = postSolution
		{C3983E44-8324-40D8-8AD2-20610FE6D9CA}.Debug|x64.ActiveCfg = Debug|x64
		{C3983E44-8324-40D8-8AD2-20610FE6D9CA}.Debug|x64.Build.0 = Debug|x64
		{C3983E44-8324-40D8-8AD2-20610FE6D9CA}.Debug|x86.ActiveCfg = Debug|Win32
		{C3983E44-8324-40D8-8AD2-20610FE6D9CA}.Debug|x86.Build.0 = Debug|Win32
		{C3983E44-8324-40D8-8AD2-20610FE6D9CA}.Release|x64.ActiveCfg = Release|x64
		{C3983E44-8324-40D8-8AD2-20610FE6D9CA}.Release|x64.Build.0 = Release|x64
		{C3983E44-8324-40D8-8AD2-20610FE6D9CA}.Release|x86.ActiveCfg = Release|Win32
		{C3983E44-8324-40D8-8AD2-20610FE6D9CA}.Release|x86.Build.0 = Release|Win32
		{370535F0-3B76-4A93-8EBE-A929B98C7191}.Debug|x64.ActiveCfg = Debug|x64
		{370535F0-3B76-4A93-8EBE-A929B98C7191}.Debug|x64.Build.0 = Debug|x64
		{370535F0-3B76-4A93-8EBE-A929B98C7191}.Debug|x86.ActiveCfg = Debug|Win32
		{370535F0-3B76-4A93-8EBE-A929B98C7191}.Debug|x86.Build.0 = Debug|Win32
		{370535F0-3B76-4A93-8EBE-A929B98C7191}.Release|x64.ActiveCfg = Release|x64
		{370535F0-3B76-4A93-8EBE-A929B98C7191}.Release|x64.Build.0 = Release|x64
		{370535F0-3B76-4A93-8EBE-A929B98C7191}.Release|x86.ActiveCfg = Release|Win32
		{370535F0-3B76-4A93-8EBE-A929B98C7191}.Release|x86.Build.0 = Release|Win32
		{D2DECB07-999D-41FB-81AD-0AD9BEE6551E}.Debug|x64.ActiveCfg = Debug|x64
		{D2DECB07-999D-41FB-81AD-0AD9BEE6551E}.Debug|x64.Build.0 = Debug|x64
		{D2DECB07-999D-41FB-81AD-0AD9BEE6551E}.Debug|x86.ActiveCfg = Debug|Win32
		{D2DECB07-999D-41FB-81AD-0AD9BEE6551E}.Debug|x86.Build.0 = Debug|Win32
		{D2DECB07-999D-41FB-81AD-0AD9BEE6551E}.Release|x64.ActiveCfg = Release|x64
		{D2DECB07-999D-41FB-81AD-0AD9BEE6551E}.Release|x64.Build.0 = Release|x64
		{D2DECB07-999D-41FB-81AD-0AD9BEE6551E}.Release|x86.ActiveCfg = Release|Win32
		{D2DECB07-999D-41FB-81AD-0AD9BEE6551E}.Release|x86.Build.0 = Release|Win32
		{FA371DB1-56DD-4558-9B7D-831EDD533E5A}.Debug|x64.ActiveCfg = Debug|x64
		{FA371DB1-56DD-4558-9B7D-831EDD533E5A}.Debug|x64.Build.0 = Debug|x64
		{FA371DB1-56DD-4558-9B7D-831EDD533E5A}.Debug|x86.ActiveCfg = Debug|Win32
		{FA371DB1-56DD-4558-9B7D-831EDD533E5A}.Debug|x86.Build.0 = Debug|Win32
		{FA371DB1-56DD-4558-9B7D-831EDD533E5A}.Release|x64.ActiveCfg = Release|x64
		{FA371DB1-56DD-4558-9B7D-831EDD533E5A}.Release|x64.Build.0 = Release|x64
		{FA371DB1-56DD-4558-9B7D-831EDD533E5A}.Release|x86.ActiveCfg = Release|Win32
		{FA371DB1-56DD-4558-9B7D-831EDD533E5A}.Release|x86.Build.0 = Release|Win32
		{72B5F4FB-3DFC-450C-82DC-877D2055A506}.Debug|x64.ActiveCfg = Debug|x64
		{72B5F4FB-3DFC-450C-82DC-877D2055A506}.Debug|x64.Build.0 = Debug|x64
		{72B5F4FB-3DFC-450C-82DC-877D2055A506}.Debug|x86.ActiveCfg = Debug|Win32
		{72B5F4FB-3DFC-450C-82DC-877D2055A506}.Debug|x86.Build.0 = Debug|Win32
		{72B5F4FB-3DFC-450C-82DC-877D2055A506}.Release|x64.ActiveCfg = Release|x64
		{72B5F4FB-3DFC-450C-82DC-877D2055A506}.Release|x64.Build.0 = Release|x64
		{72B5F4FB-3DFC-450C-82DC-877D2055A506}.Release|x86.ActiveCfg = Release|Win32
		{72B5F4FB-3DFC-450C-82DC-877D2055A506}.Release|x86.Build.0 = Release|Win32
		{3888B778-DB24-47E3-965F-6F2F712A0C37}.Debug|x64.ActiveCfg = Debug|x64
		{3888B778-DB24-47E3-965F-6F2F712A0C37}.Debug|x64.Build.0 = Debug|x64
		{3888B778-DB24-47E3-965F-6F2F712A0C37}.Debug|x86.ActiveCfg = Debug|Win32
		{3888B778-DB24-47E3-965F-6F2F712A0C37}.Debug|x86.Build.0 = Debug|Win32
		{3888B778-DB24-47E3-965F-6F2F712A0C37}.Release|x64.ActiveCfg = Release|x64
		{3888B778-DB24-47E3-965F-6F2F712A0C37}.Release|x64.Build.0 = Release|x64
		{3888B778-DB24-47E3-965F-6F2F712A0C37}.Release|x86.ActiveCfg = Release|Win32
		{3888B778-DB24-47E3-965F-6F2F712A0C37}.Release|x86.Build.0 = Release|Win32
		{1BA5B59D-F6D4-4852-B2FA-294FF6155D70}.Debug|x64.ActiveCfg = Debug|x64
		{1BA5B59D-F6D4-4852-B2FA-294FF6155D70}.Debug|x64.Build.0 = Debug|x64
		{1BA5B59D-F6D4-4852-B2FA-294FF6155D70}.Debug|x86.ActiveCfg = Debug|Win32
		{1BA5B59D-F6D4-4852-B2FA-294FF6155D70}.Debug|x86.Build.0 = Debug|Win32
		{1BA5B59D-F6D4-4852-B2FA-294FF6155D70}.Release|x64.ActiveCfg = Release|x64
		{1BA5B59D-F6D4-4852-B2FA-294FF6155D70}.Release|x64.Build.0 = Release|x64
		{1BA5B59D-F6D4-4852-B2FA-294FF6155D70}.Release|x86.ActiveCfg = Release|Win32
		{1BA5B59D-F6D4-4852-B2FA-294FF6155D70}.Release|x86.Build.0 = Release|Win32
	EndGlobalSection
	GlobalSection(SolutionProperties) = preSolution
		HideSolutionNode = FALSE
	EndGlobalSection
	GlobalSection(ExtensibilityGlobals) = postSolution
		SolutionGuid = {2BE82FF2-CACA-4D02-AA2F-A375292915C3}
	EndGlobalSection
EndGlobal
